
Microsoft Visual Studio Solution File, Format Version 12.00
# Visual Studio Version 16
VisualStudioVersion = 16.0.29215.179
MinimumVisualStudioVersion = 10.0.40219.1
Project("{FAE04EC0-301F-11D3-BF4B-00C04F79EFBC}") = "StroopApi", "StroopApi\StroopApi.csproj", "{5D904B72-2AFC-4AAE-856E-D072A8CBB4CD}"
EndProject
Global
	GlobalSection(SolutionConfigurationPlatforms) = preSolution
		Debug|Any CPU = Debug|Any CPU
		Release|Any CPU = Release|Any CPU
	EndGlobalSection
	GlobalSection(ProjectConfigurationPlatforms) = postSolution
		{5D904B72-2AFC-4AAE-856E-D072A8CBB4CD}.Debug|Any CPU.ActiveCfg = Debug|Any CPU
		{5D904B72-2AFC-4AAE-856E-D072A8CBB4CD}.Debug|Any CPU.Build.0 = Debug|Any CPU
		{5D904B72-2AFC-4AAE-856E-D072A8CBB4CD}.Release|Any CPU.ActiveCfg = Release|Any CPU
		{5D904B72-2AFC-4AAE-856E-D072A8CBB4CD}.Release|Any CPU.Build.0 = Release|Any CPU
	EndGlobalSection
	GlobalSection(SolutionProperties) = preSolution
		HideSolutionNode = FALSE
	EndGlobalSection
	GlobalSection(ExtensibilityGlobals) = postSolution
		SolutionGuid = {CE6E01A5-2258-4F14-8DD1-60911119C5E1}
	EndGlobalSection
EndGlobal
